
Microsoft Visual Studio Solution File, Format Version 12.00
# Visual Studio Version 17
VisualStudioVersion = 17.12.35527.113
MinimumVisualStudioVersion = 10.0.40219.1
Project("{FAE04EC0-301F-11D3-BF4B-00C04F79EFBC}") = "WebApp.MVC", "WebApp.MVC\WebApp.MVC.csproj", "{2C6C7E7D-69B8-4AFE-A6B7-FF54EFFF109F}"
EndProject
Project("{FAE04EC0-301F-11D3-BF4B-00C04F79EFBC}") = "WebApp.Services", "WebApp.Services\WebApp.Services.csproj", "{163E4FFE-3F33-46D9-B0E2-F57541851B84}"
EndProject
Project("{FAE04EC0-301F-11D3-BF4B-00C04F79EFBC}") = "WebApp.Core", "WebApp.Core\WebApp.Core.csproj", "{B34D0D78-7A50-4EBA-9B2F-F3A39819656E}"
EndProject
Project("{FAE04EC0-301F-11D3-BF4B-00C04F79EFBC}") = "WebApp.Data", "WebApp.Data\WebApp.Data.csproj", "{14E64EB4-EEF0-4E66-A6A7-525B876A369C}"
EndProject
Project("{FAE04EC0-301F-11D3-BF4B-00C04F79EFBC}") = "WebApp.Data.CQS", "WebApp.Data.CQS\WebApp.Data.CQS.csproj", "{48A2B7F2-7E71-45E8-8A7A-8FBBBC90CF1E}"
EndProject
Project("{FAE04EC0-301F-11D3-BF4B-00C04F79EFBC}") = "WebApp.Mvc.Models", "WebApp.Mvc.Models\WebApp.Mvc.Models.csproj", "{B24B29E0-9DC6-4627-86C3-6BCB7C8364F9}"
EndProject
Project("{2150E333-8FDC-42A3-9474-1A3956D46DE8}") = "Tests", "Tests", "{5DFC2A30-0105-4DE3-8244-5393D33A8FB3}"
EndProject
Project("{FAE04EC0-301F-11D3-BF4B-00C04F79EFBC}") = "WebApp.Services.Tests", "WebApp.Services.Tests\WebApp.Services.Tests.csproj", "{C7CFA7B5-ECD7-40F1-972C-392902C60FE3}"
EndProject
Project("{FAE04EC0-301F-11D3-BF4B-00C04F79EFBC}") = "WebApp.MVC.Identity", "WebApp.MVC.Identity\WebApp.MVC.Identity.csproj", "{D33CD561-4219-4313-8A14-01C2EF64B183}"
EndProject
Project("{FAE04EC0-301F-11D3-BF4B-00C04F79EFBC}") = "WebApp.Identity.MVC", "WebApp.Identity.MVC\WebApp.Identity.MVC.csproj", "{CFFDC2E8-0781-41EB-99E0-3F3C93DDFBAF}"
EndProject
Global
	GlobalSection(SolutionConfigurationPlatforms) = preSolution
		Debug|Any CPU = Debug|Any CPU
		Release|Any CPU = Release|Any CPU
	EndGlobalSection
	GlobalSection(ProjectConfigurationPlatforms) = postSolution
		{2C6C7E7D-69B8-4AFE-A6B7-FF54EFFF109F}.Debug|Any CPU.ActiveCfg = Debug|Any CPU
		{2C6C7E7D-69B8-4AFE-A6B7-FF54EFFF109F}.Debug|Any CPU.Build.0 = Debug|Any CPU
		{2C6C7E7D-69B8-4AFE-A6B7-FF54EFFF109F}.Release|Any CPU.ActiveCfg = Release|Any CPU
		{2C6C7E7D-69B8-4AFE-A6B7-FF54EFFF109F}.Release|Any CPU.Build.0 = Release|Any CPU
		{163E4FFE-3F33-46D9-B0E2-F57541851B84}.Debug|Any CPU.ActiveCfg = Debug|Any CPU
		{163E4FFE-3F33-46D9-B0E2-F57541851B84}.Debug|Any CPU.Build.0 = Debug|Any CPU
		{163E4FFE-3F33-46D9-B0E2-F57541851B84}.Release|Any CPU.ActiveCfg = Release|Any CPU
		{163E4FFE-3F33-46D9-B0E2-F57541851B84}.Release|Any CPU.Build.0 = Release|Any CPU
		{B34D0D78-7A50-4EBA-9B2F-F3A39819656E}.Debug|Any CPU.ActiveCfg = Debug|Any CPU
		{B34D0D78-7A50-4EBA-9B2F-F3A39819656E}.Debug|Any CPU.Build.0 = Debug|Any CPU
		{B34D0D78-7A50-4EBA-9B2F-F3A39819656E}.Release|Any CPU.ActiveCfg = Release|Any CPU
		{B34D0D78-7A50-4EBA-9B2F-F3A39819656E}.Release|Any CPU.Build.0 = Release|Any CPU
		{14E64EB4-EEF0-4E66-A6A7-525B876A369C}.Debug|Any CPU.ActiveCfg = Debug|Any CPU
		{14E64EB4-EEF0-4E66-A6A7-525B876A369C}.Debug|Any CPU.Build.0 = Debug|Any CPU
		{14E64EB4-EEF0-4E66-A6A7-525B876A369C}.Release|Any CPU.ActiveCfg = Release|Any CPU
		{14E64EB4-EEF0-4E66-A6A7-525B876A369C}.Release|Any CPU.Build.0 = Release|Any CPU
		{48A2B7F2-7E71-45E8-8A7A-8FBBBC90CF1E}.Debug|Any CPU.ActiveCfg = Debug|Any CPU
		{48A2B7F2-7E71-45E8-8A7A-8FBBBC90CF1E}.Debug|Any CPU.Build.0 = Debug|Any CPU
		{48A2B7F2-7E71-45E8-8A7A-8FBBBC90CF1E}.Release|Any CPU.ActiveCfg = Release|Any CPU
		{48A2B7F2-7E71-45E8-8A7A-8FBBBC90CF1E}.Release|Any CPU.Build.0 = Release|Any CPU
		{B24B29E0-9DC6-4627-86C3-6BCB7C8364F9}.Debug|Any CPU.ActiveCfg = Debug|Any CPU
		{B24B29E0-9DC6-4627-86C3-6BCB7C8364F9}.Debug|Any CPU.Build.0 = Debug|Any CPU
		{B24B29E0-9DC6-4627-86C3-6BCB7C8364F9}.Release|Any CPU.ActiveCfg = Release|Any CPU
		{B24B29E0-9DC6-4627-86C3-6BCB7C8364F9}.Release|Any CPU.Build.0 = Release|Any CPU
		{C7CFA7B5-ECD7-40F1-972C-392902C60FE3}.Debug|Any CPU.ActiveCfg = Debug|Any CPU
		{C7CFA7B5-ECD7-40F1-972C-392902C60FE3}.Debug|Any CPU.Build.0 = Debug|Any CPU
		{C7CFA7B5-ECD7-40F1-972C-392902C60FE3}.Release|Any CPU.ActiveCfg = Release|Any CPU
		{C7CFA7B5-ECD7-40F1-972C-392902C60FE3}.Release|Any CPU.Build.0 = Release|Any CPU
		{D33CD561-4219-4313-8A14-01C2EF64B183}.Debug|Any CPU.ActiveCfg = Debug|Any CPU
		{D33CD561-4219-4313-8A14-01C2EF64B183}.Debug|Any CPU.Build.0 = Debug|Any CPU
		{D33CD561-4219-4313-8A14-01C2EF64B183}.Release|Any CPU.ActiveCfg = Release|Any CPU
		{D33CD561-4219-4313-8A14-01C2EF64B183}.Release|Any CPU.Build.0 = Release|Any CPU
		{CFFDC2E8-0781-41EB-99E0-3F3C93DDFBAF}.Debug|Any CPU.ActiveCfg = Debug|Any CPU
		{CFFDC2E8-0781-41EB-99E0-3F3C93DDFBAF}.Debug|Any CPU.Build.0 = Debug|Any CPU
		{CFFDC2E8-0781-41EB-99E0-3F3C93DDFBAF}.Release|Any CPU.ActiveCfg = Release|Any CPU
		{CFFDC2E8-0781-41EB-99E0-3F3C93DDFBAF}.Release|Any CPU.Build.0 = Release|Any CPU
	EndGlobalSection
	GlobalSection(SolutionProperties) = preSolution
		HideSolutionNode = FALSE
	EndGlobalSection
	GlobalSection(NestedProjects) = preSolution
		{C7CFA7B5-ECD7-40F1-972C-392902C60FE3} = {5DFC2A30-0105-4DE3-8244-5393D33A8FB3}
	EndGlobalSection
EndGlobal
